
Microsoft Visual Studio Solution File, Format Version 12.00
# Visual Studio Version 17
VisualStudioVersion = 17.10.35027.167
MinimumVisualStudioVersion = 10.0.40219.1
Project("{FAE04EC0-301F-11D3-BF4B-00C04F79EFBC}") = "Descartin_LabAct3rd", "Descartin_LabAct3rd\Descartin_LabAct3rd.csproj", "{F802E95C-4B51-4768-9FD3-160C07AD0B10}"
EndProject
Global
	GlobalSection(SolutionConfigurationPlatforms) = preSolution
		Debug|Any CPU = Debug|Any CPU
		Release|Any CPU = Release|Any CPU
	EndGlobalSection
	GlobalSection(ProjectConfigurationPlatforms) = postSolution
		{F802E95C-4B51-4768-9FD3-160C07AD0B10}.Debug|Any CPU.ActiveCfg = Debug|Any CPU
		{F802E95C-4B51-4768-9FD3-160C07AD0B10}.Debug|Any CPU.Build.0 = Debug|Any CPU
		{F802E95C-4B51-4768-9FD3-160C07AD0B10}.Release|Any CPU.ActiveCfg = Release|Any CPU
		{F802E95C-4B51-4768-9FD3-160C07AD0B10}.Release|Any CPU.Build.0 = Release|Any CPU
	EndGlobalSection
	GlobalSection(SolutionProperties) = preSolution
		HideSolutionNode = FALSE
	EndGlobalSection
	GlobalSection(ExtensibilityGlobals) = postSolution
		SolutionGuid = {3734B011-FA34-42B9-8611-87216EB68395}
	EndGlobalSection
EndGlobal
